
Microsoft Visual Studio Solution File, Format Version 12.00
# Visual Studio 15
VisualStudioVersion = 15.0.26430.16
MinimumVisualStudioVersion = 10.0.40219.1
Project("{FAE04EC0-301F-11D3-BF4B-00C04F79EFBC}") = "SampleWhatsMyBAC.Android", "SampleWhatsMyBAC\SampleWhatsMyBAC.Android\SampleWhatsMyBAC.Android.csproj", "{168D6A56-8486-4B09-97BA-4BA0C00381A2}"
EndProject
Project("{FAE04EC0-301F-11D3-BF4B-00C04F79EFBC}") = "SampleWhatsMyBAC", "SampleWhatsMyBAC\SampleWhatsMyBAC\SampleWhatsMyBAC.csproj", "{6C9EC8EA-D4C7-4619-A1F6-91C16310CCBB}"
EndProject
Project("{FAE04EC0-301F-11D3-BF4B-00C04F79EFBC}") = "SampleWhatsMyBAC.UWP", "SampleWhatsMyBAC\SampleWhatsMyBAC.UWP\SampleWhatsMyBAC.UWP.csproj", "{22D450A6-836C-4371-93B3-CA3239793A52}"
EndProject
Project("{FAE04EC0-301F-11D3-BF4B-00C04F79EFBC}") = "SampleWhatsMyBAC.iOS", "SampleWhatsMyBAC\SampleWhatsMyBAC.iOS\SampleWhatsMyBAC.iOS.csproj", "{E15FB61C-5314-4C0D-B39C-32829A36DD0B}"
EndProject
Global
	GlobalSection(SolutionConfigurationPlatforms) = preSolution
		Ad-Hoc|Any CPU = Ad-Hoc|Any CPU
		Ad-Hoc|ARM = Ad-Hoc|ARM
		Ad-Hoc|iPhone = Ad-Hoc|iPhone
		Ad-Hoc|iPhoneSimulator = Ad-Hoc|iPhoneSimulator
		Ad-Hoc|x64 = Ad-Hoc|x64
		Ad-Hoc|x86 = Ad-Hoc|x86
		AppStore|Any CPU = AppStore|Any CPU
		AppStore|ARM = AppStore|ARM
		AppStore|iPhone = AppStore|iPhone
		AppStore|iPhoneSimulator = AppStore|iPhoneSimulator
		AppStore|x64 = AppStore|x64
		AppStore|x86 = AppStore|x86
		Debug|Any CPU = Debug|Any CPU
		Debug|ARM = Debug|ARM
		Debug|iPhone = Debug|iPhone
		Debug|iPhoneSimulator = Debug|iPhoneSimulator
		Debug|x64 = Debug|x64
		Debug|x86 = Debug|x86
		Release|Any CPU = Release|Any CPU
		Release|ARM = Release|ARM
		Release|iPhone = Release|iPhone
		Release|iPhoneSimulator = Release|iPhoneSimulator
		Release|x64 = Release|x64
		Release|x86 = Release|x86
	EndGlobalSection
	GlobalSection(ProjectConfigurationPlatforms) = postSolution
		{168D6A56-8486-4B09-97BA-4BA0C00381A2}.Ad-Hoc|Any CPU.ActiveCfg = Release|Any CPU
		{168D6A56-8486-4B09-97BA-4BA0C00381A2}.Ad-Hoc|Any CPU.Build.0 = Release|Any CPU
		{168D6A56-8486-4B09-97BA-4BA0C00381A2}.Ad-Hoc|Any CPU.Deploy.0 = Release|Any CPU
		{168D6A56-8486-4B09-97BA-4BA0C00381A2}.Ad-Hoc|ARM.ActiveCfg = Release|Any CPU
		{168D6A56-8486-4B09-97BA-4BA0C00381A2}.Ad-Hoc|ARM.Build.0 = Release|Any CPU
		{168D6A56-8486-4B09-97BA-4BA0C00381A2}.Ad-Hoc|ARM.Deploy.0 = Release|Any CPU
		{168D6A56-8486-4B09-97BA-4BA0C00381A2}.Ad-Hoc|iPhone.ActiveCfg = Release|Any CPU
		{168D6A56-8486-4B09-97BA-4BA0C00381A2}.Ad-Hoc|iPhone.Build.0 = Release|Any CPU
		{168D6A56-8486-4B09-97BA-4BA0C00381A2}.Ad-Hoc|iPhone.Deploy.0 = Release|Any CPU
		{168D6A56-8486-4B09-97BA-4BA0C00381A2}.Ad-Hoc|iPhoneSimulator.ActiveCfg = Release|Any CPU
		{168D6A56-8486-4B09-97BA-4BA0C00381A2}.Ad-Hoc|iPhoneSimulator.Build.0 = Release|Any CPU
		{168D6A56-8486-4B09-97BA-4BA0C00381A2}.Ad-Hoc|iPhoneSimulator.Deploy.0 = Release|Any CPU
		{168D6A56-8486-4B09-97BA-4BA0C00381A2}.Ad-Hoc|x64.ActiveCfg = Release|Any CPU
		{168D6A56-8486-4B09-97BA-4BA0C00381A2}.Ad-Hoc|x64.Build.0 = Release|Any CPU
		{168D6A56-8486-4B09-97BA-4BA0C00381A2}.Ad-Hoc|x64.Deploy.0 = Release|Any CPU
		{168D6A56-8486-4B09-97BA-4BA0C00381A2}.Ad-Hoc|x86.ActiveCfg = Release|Any CPU
		{168D6A56-8486-4B09-97BA-4BA0C00381A2}.Ad-Hoc|x86.Build.0 = Release|Any CPU
		{168D6A56-8486-4B09-97BA-4BA0C00381A2}.Ad-Hoc|x86.Deploy.0 = Release|Any CPU
		{168D6A56-8486-4B09-97BA-4BA0C00381A2}.AppStore|Any CPU.ActiveCfg = Release|Any CPU
		{168D6A56-8486-4B09-97BA-4BA0C00381A2}.AppStore|Any CPU.Build.0 = Release|Any CPU
		{168D6A56-8486-4B09-97BA-4BA0C00381A2}.AppStore|Any CPU.Deploy.0 = Release|Any CPU
		{168D6A56-8486-4B09-97BA-4BA0C00381A2}.AppStore|ARM.ActiveCfg = Release|Any CPU
		{168D6A56-8486-4B09-97BA-4BA0C00381A2}.AppStore|ARM.Build.0 = Release|Any CPU
		{168D6A56-8486-4B09-97BA-4BA0C00381A2}.AppStore|ARM.Deploy.0 = Release|Any CPU
		{168D6A56-8486-4B09-97BA-4BA0C00381A2}.AppStore|iPhone.ActiveCfg = Release|Any CPU
		{168D6A56-8486-4B09-97BA-4BA0C00381A2}.AppStore|iPhone.Build.0 = Release|Any CPU
		{168D6A56-8486-4B09-97BA-4BA0C00381A2}.AppStore|iPhone.Deploy.0 = Release|Any CPU
		{168D6A56-8486-4B09-97BA-4BA0C00381A2}.AppStore|iPhoneSimulator.ActiveCfg = Release|Any CPU
		{168D6A56-8486-4B09-97BA-4BA0C00381A2}.AppStore|iPhoneSimulator.Build.0 = Release|Any CPU
		{168D6A56-8486-4B09-97BA-4BA0C00381A2}.AppStore|iPhoneSimulator.Deploy.0 = Release|Any CPU
		{168D6A56-8486-4B09-97BA-4BA0C00381A2}.AppStore|x64.ActiveCfg = Release|Any CPU
		{168D6A56-8486-4B09-97BA-4BA0C00381A2}.AppStore|x64.Build.0 = Release|Any CPU
		{168D6A56-8486-4B09-97BA-4BA0C00381A2}.AppStore|x64.Deploy.0 = Release|Any CPU
		{168D6A56-8486-4B09-97BA-4BA0C00381A2}.AppStore|x86.ActiveCfg = Release|Any CPU
		{168D6A56-8486-4B09-97BA-4BA0C00381A2}.AppStore|x86.Build.0 = Release|Any CPU
		{168D6A56-8486-4B09-97BA-4BA0C00381A2}.AppStore|x86.Deploy.0 = Release|Any CPU
		{168D6A56-8486-4B09-97BA-4BA0C00381A2}.Debug|Any CPU.ActiveCfg = Debug|Any CPU
		{168D6A56-8486-4B09-97BA-4BA0C00381A2}.Debug|Any CPU.Build.0 = Debug|Any CPU
		{168D6A56-8486-4B09-97BA-4BA0C00381A2}.Debug|Any CPU.Deploy.0 = Debug|Any CPU
		{168D6A56-8486-4B09-97BA-4BA0C00381A2}.Debug|ARM.ActiveCfg = Debug|Any CPU
		{168D6A56-8486-4B09-97BA-4BA0C00381A2}.Debug|ARM.Build.0 = Debug|Any CPU
		{168D6A56-8486-4B09-97BA-4BA0C00381A2}.Debug|ARM.Deploy.0 = Debug|Any CPU
		{168D6A56-8486-4B09-97BA-4BA0C00381A2}.Debug|iPhone.ActiveCfg = Debug|Any CPU
		{168D6A56-8486-4B09-97BA-4BA0C00381A2}.Debug|iPhone.Build.0 = Debug|Any CPU
		{168D6A56-8486-4B09-97BA-4BA0C00381A2}.Debug|iPhone.Deploy.0 = Debug|Any CPU
		{168D6A56-8486-4B09-97BA-4BA0C00381A2}.Debug|iPhoneSimulator.ActiveCfg = Debug|Any CPU
		{168D6A56-8486-4B09-97BA-4BA0C00381A2}.Debug|iPhoneSimulator.Build.0 = Debug|Any CPU
		{168D6A56-8486-4B09-97BA-4BA0C00381A2}.Debug|iPhoneSimulator.Deploy.0 = Debug|Any CPU
		{168D6A56-8486-4B09-97BA-4BA0C00381A2}.Debug|x64.ActiveCfg = Debug|Any CPU
		{168D6A56-8486-4B09-97BA-4BA0C00381A2}.Debug|x64.Build.0 = Debug|Any CPU
		{168D6A56-8486-4B09-97BA-4BA0C00381A2}.Debug|x64.Deploy.0 = Debug|Any CPU
		{168D6A56-8486-4B09-97BA-4BA0C00381A2}.Debug|x86.ActiveCfg = Debug|Any CPU
		{168D6A56-8486-4B09-97BA-4BA0C00381A2}.Debug|x86.Build.0 = Debug|Any CPU
		{168D6A56-8486-4B09-97BA-4BA0C00381A2}.Debug|x86.Deploy.0 = Debug|Any CPU
		{168D6A56-8486-4B09-97BA-4BA0C00381A2}.Release|Any CPU.ActiveCfg = Release|Any CPU
		{168D6A56-8486-4B09-97BA-4BA0C00381A2}.Release|Any CPU.Build.0 = Release|Any CPU
		{168D6A56-8486-4B09-97BA-4BA0C00381A2}.Release|Any CPU.Deploy.0 = Release|Any CPU
		{168D6A56-8486-4B09-97BA-4BA0C00381A2}.Release|ARM.ActiveCfg = Release|Any CPU
		{168D6A56-8486-4B09-97BA-4BA0C00381A2}.Release|ARM.Build.0 = Release|Any CPU
		{168D6A56-8486-4B09-97BA-4BA0C00381A2}.Release|ARM.Deploy.0 = Release|Any CPU
		{168D6A56-8486-4B09-97BA-4BA0C00381A2}.Release|iPhone.ActiveCfg = Release|Any CPU
		{168D6A56-8486-4B09-97BA-4BA0C00381A2}.Release|iPhone.Build.0 = Release|Any CPU
		{168D6A56-8486-4B09-97BA-4BA0C00381A2}.Release|iPhone.Deploy.0 = Release|Any CPU
		{168D6A56-8486-4B09-97BA-4BA0C00381A2}.Release|iPhoneSimulator.ActiveCfg = Release|Any CPU
		{168D6A56-8486-4B09-97BA-4BA0C00381A2}.Release|iPhoneSimulator.Build.0 = Release|Any CPU
		{168D6A56-8486-4B09-97BA-4BA0C00381A2}.Release|iPhoneSimulator.Deploy.0 = Release|Any CPU
		{168D6A56-8486-4B09-97BA-4BA0C00381A2}.Release|x64.ActiveCfg = Release|Any CPU
		{168D6A56-8486-4B09-97BA-4BA0C00381A2}.Release|x64.Build.0 = Release|Any CPU
		{168D6A56-8486-4B09-97BA-4BA0C00381A2}.Release|x64.Deploy.0 = Release|Any CPU
		{168D6A56-8486-4B09-97BA-4BA0C00381A2}.Release|x86.ActiveCfg = Release|Any CPU
		{168D6A56-8486-4B09-97BA-4BA0C00381A2}.Release|x86.Build.0 = Release|Any CPU
		{168D6A56-8486-4B09-97BA-4BA0C00381A2}.Release|x86.Deploy.0 = Release|Any CPU
		{6C9EC8EA-D4C7-4619-A1F6-91C16310CCBB}.Ad-Hoc|Any CPU.ActiveCfg = Release|Any CPU
		{6C9EC8EA-D4C7-4619-A1F6-91C16310CCBB}.Ad-Hoc|Any CPU.Build.0 = Release|Any CPU
		{6C9EC8EA-D4C7-4619-A1F6-91C16310CCBB}.Ad-Hoc|ARM.ActiveCfg = Release|Any CPU
		{6C9EC8EA-D4C7-4619-A1F6-91C16310CCBB}.Ad-Hoc|ARM.Build.0 = Release|Any CPU
		{6C9EC8EA-D4C7-4619-A1F6-91C16310CCBB}.Ad-Hoc|iPhone.ActiveCfg = Release|Any CPU
		{6C9EC8EA-D4C7-4619-A1F6-91C16310CCBB}.Ad-Hoc|iPhone.Build.0 = Release|Any CPU
		{6C9EC8EA-D4C7-4619-A1F6-91C16310CCBB}.Ad-Hoc|iPhoneSimulator.ActiveCfg = Release|Any CPU
		{6C9EC8EA-D4C7-4619-A1F6-91C16310CCBB}.Ad-Hoc|iPhoneSimulator.Build.0 = Release|Any CPU
		{6C9EC8EA-D4C7-4619-A1F6-91C16310CCBB}.Ad-Hoc|x64.ActiveCfg = Release|Any CPU
		{6C9EC8EA-D4C7-4619-A1F6-91C16310CCBB}.Ad-Hoc|x64.Build.0 = Release|Any CPU
		{6C9EC8EA-D4C7-4619-A1F6-91C16310CCBB}.Ad-Hoc|x86.ActiveCfg = Release|Any CPU
		{6C9EC8EA-D4C7-4619-A1F6-91C16310CCBB}.Ad-Hoc|x86.Build.0 = Release|Any CPU
		{6C9EC8EA-D4C7-4619-A1F6-91C16310CCBB}.AppStore|Any CPU.ActiveCfg = Release|Any CPU
		{6C9EC8EA-D4C7-4619-A1F6-91C16310CCBB}.AppStore|Any CPU.Build.0 = Release|Any CPU
		{6C9EC8EA-D4C7-4619-A1F6-91C16310CCBB}.AppStore|ARM.ActiveCfg = Release|Any CPU
		{6C9EC8EA-D4C7-4619-A1F6-91C16310CCBB}.AppStore|ARM.Build.0 = Release|Any CPU
		{6C9EC8EA-D4C7-4619-A1F6-91C16310CCBB}.AppStore|iPhone.ActiveCfg = Release|Any CPU
		{6C9EC8EA-D4C7-4619-A1F6-91C16310CCBB}.AppStore|iPhone.Build.0 = Release|Any CPU
		{6C9EC8EA-D4C7-4619-A1F6-91C16310CCBB}.AppStore|iPhoneSimulator.ActiveCfg = Release|Any CPU
		{6C9EC8EA-D4C7-4619-A1F6-91C16310CCBB}.AppStore|iPhoneSimulator.Build.0 = Release|Any CPU
		{6C9EC8EA-D4C7-4619-A1F6-91C16310CCBB}.AppStore|x64.ActiveCfg = Release|Any CPU
		{6C9EC8EA-D4C7-4619-A1F6-91C16310CCBB}.AppStore|x64.Build.0 = Release|Any CPU
		{6C9EC8EA-D4C7-4619-A1F6-91C16310CCBB}.AppStore|x86.ActiveCfg = Release|Any CPU
		{6C9EC8EA-D4C7-4619-A1F6-91C16310CCBB}.AppStore|x86.Build.0 = Release|Any CPU
		{6C9EC8EA-D4C7-4619-A1F6-91C16310CCBB}.Debug|Any CPU.ActiveCfg = Debug|Any CPU
		{6C9EC8EA-D4C7-4619-A1F6-91C16310CCBB}.Debug|Any CPU.Build.0 = Debug|Any CPU
		{6C9EC8EA-D4C7-4619-A1F6-91C16310CCBB}.Debug|ARM.ActiveCfg = Debug|Any CPU
		{6C9EC8EA-D4C7-4619-A1F6-91C16310CCBB}.Debug|ARM.Build.0 = Debug|Any CPU
		{6C9EC8EA-D4C7-4619-A1F6-91C16310CCBB}.Debug|iPhone.ActiveCfg = Debug|Any CPU
		{6C9EC8EA-D4C7-4619-A1F6-91C16310CCBB}.Debug|iPhone.Build.0 = Debug|Any CPU
		{6C9EC8EA-D4C7-4619-A1F6-91C16310CCBB}.Debug|iPhoneSimulator.ActiveCfg = Debug|Any CPU
		{6C9EC8EA-D4C7-4619-A1F6-91C16310CCBB}.Debug|iPhoneSimulator.Build.0 = Debug|Any CPU
		{6C9EC8EA-D4C7-4619-A1F6-91C16310CCBB}.Debug|x64.ActiveCfg = Debug|Any CPU
		{6C9EC8EA-D4C7-4619-A1F6-91C16310CCBB}.Debug|x64.Build.0 = Debug|Any CPU
		{6C9EC8EA-D4C7-4619-A1F6-91C16310CCBB}.Debug|x86.ActiveCfg = Debug|Any CPU
		{6C9EC8EA-D4C7-4619-A1F6-91C16310CCBB}.Debug|x86.Build.0 = Debug|Any CPU
		{6C9EC8EA-D4C7-4619-A1F6-91C16310CCBB}.Release|Any CPU.ActiveCfg = Release|Any CPU
		{6C9EC8EA-D4C7-4619-A1F6-91C16310CCBB}.Release|Any CPU.Build.0 = Release|Any CPU
		{6C9EC8EA-D4C7-4619-A1F6-91C16310CCBB}.Release|ARM.ActiveCfg = Release|Any CPU
		{6C9EC8EA-D4C7-4619-A1F6-91C16310CCBB}.Release|ARM.Build.0 = Release|Any CPU
		{6C9EC8EA-D4C7-4619-A1F6-91C16310CCBB}.Release|iPhone.ActiveCfg = Release|Any CPU
		{6C9EC8EA-D4C7-4619-A1F6-91C16310CCBB}.Release|iPhone.Build.0 = Release|Any CPU
		{6C9EC8EA-D4C7-4619-A1F6-91C16310CCBB}.Release|iPhoneSimulator.ActiveCfg = Release|Any CPU
		{6C9EC8EA-D4C7-4619-A1F6-91C16310CCBB}.Release|iPhoneSimulator.Build.0 = Release|Any CPU
		{6C9EC8EA-D4C7-4619-A1F6-91C16310CCBB}.Release|x64.ActiveCfg = Release|Any CPU
		{6C9EC8EA-D4C7-4619-A1F6-91C16310CCBB}.Release|x64.Build.0 = Release|Any CPU
		{6C9EC8EA-D4C7-4619-A1F6-91C16310CCBB}.Release|x86.ActiveCfg = Release|Any CPU
		{6C9EC8EA-D4C7-4619-A1F6-91C16310CCBB}.Release|x86.Build.0 = Release|Any CPU
		{22D450A6-836C-4371-93B3-CA3239793A52}.Ad-Hoc|Any CPU.ActiveCfg = Release|x86
		{22D450A6-836C-4371-93B3-CA3239793A52}.Ad-Hoc|Any CPU.Build.0 = Release|x86
		{22D450A6-836C-4371-93B3-CA3239793A52}.Ad-Hoc|Any CPU.Deploy.0 = Release|x86
		{22D450A6-836C-4371-93B3-CA3239793A52}.Ad-Hoc|ARM.ActiveCfg = Release|ARM
		{22D450A6-836C-4371-93B3-CA3239793A52}.Ad-Hoc|ARM.Build.0 = Release|ARM
		{22D450A6-836C-4371-93B3-CA3239793A52}.Ad-Hoc|ARM.Deploy.0 = Release|ARM
		{22D450A6-836C-4371-93B3-CA3239793A52}.Ad-Hoc|iPhone.ActiveCfg = Release|x86
		{22D450A6-836C-4371-93B3-CA3239793A52}.Ad-Hoc|iPhone.Build.0 = Release|x86
		{22D450A6-836C-4371-93B3-CA3239793A52}.Ad-Hoc|iPhone.Deploy.0 = Release|x86
		{22D450A6-836C-4371-93B3-CA3239793A52}.Ad-Hoc|iPhoneSimulator.ActiveCfg = Release|x86
		{22D450A6-836C-4371-93B3-CA3239793A52}.Ad-Hoc|iPhoneSimulator.Build.0 = Release|x86
		{22D450A6-836C-4371-93B3-CA3239793A52}.Ad-Hoc|iPhoneSimulator.Deploy.0 = Release|x86
		{22D450A6-836C-4371-93B3-CA3239793A52}.Ad-Hoc|x64.ActiveCfg = Release|x64
		{22D450A6-836C-4371-93B3-CA3239793A52}.Ad-Hoc|x64.Build.0 = Release|x64
		{22D450A6-836C-4371-93B3-CA3239793A52}.Ad-Hoc|x64.Deploy.0 = Release|x64
		{22D450A6-836C-4371-93B3-CA3239793A52}.Ad-Hoc|x86.ActiveCfg = Release|x86
		{22D450A6-836C-4371-93B3-CA3239793A52}.Ad-Hoc|x86.Build.0 = Release|x86
		{22D450A6-836C-4371-93B3-CA3239793A52}.Ad-Hoc|x86.Deploy.0 = Release|x86
		{22D450A6-836C-4371-93B3-CA3239793A52}.AppStore|Any CPU.ActiveCfg = Release|x86
		{22D450A6-836C-4371-93B3-CA3239793A52}.AppStore|Any CPU.Build.0 = Release|x86
		{22D450A6-836C-4371-93B3-CA3239793A52}.AppStore|Any CPU.Deploy.0 = Release|x86
		{22D450A6-836C-4371-93B3-CA3239793A52}.AppStore|ARM.ActiveCfg = Release|ARM
		{22D450A6-836C-4371-93B3-CA3239793A52}.AppStore|ARM.Build.0 = Release|ARM
		{22D450A6-836C-4371-93B3-CA3239793A52}.AppStore|ARM.Deploy.0 = Release|ARM
		{22D450A6-836C-4371-93B3-CA3239793A52}.AppStore|iPhone.ActiveCfg = Release|x86
		{22D450A6-836C-4371-93B3-CA3239793A52}.AppStore|iPhone.Build.0 = Release|x86
		{22D450A6-836C-4371-93B3-CA3239793A52}.AppStore|iPhone.Deploy.0 = Release|x86
		{22D450A6-836C-4371-93B3-CA3239793A52}.AppStore|iPhoneSimulator.ActiveCfg = Release|x86
		{22D450A6-836C-4371-93B3-CA3239793A52}.AppStore|iPhoneSimulator.Build.0 = Release|x86
		{22D450A6-836C-4371-93B3-CA3239793A52}.AppStore|iPhoneSimulator.Deploy.0 = Release|x86
		{22D450A6-836C-4371-93B3-CA3239793A52}.AppStore|x64.ActiveCfg = Release|x64
		{22D450A6-836C-4371-93B3-CA3239793A52}.AppStore|x64.Build.0 = Release|x64
		{22D450A6-836C-4371-93B3-CA3239793A52}.AppStore|x64.Deploy.0 = Release|x64
		{22D450A6-836C-4371-93B3-CA3239793A52}.AppStore|x86.ActiveCfg = Release|x86
		{22D450A6-836C-4371-93B3-CA3239793A52}.AppStore|x86.Build.0 = Release|x86
		{22D450A6-836C-4371-93B3-CA3239793A52}.AppStore|x86.Deploy.0 = Release|x86
		{22D450A6-836C-4371-93B3-CA3239793A52}.Debug|Any CPU.ActiveCfg = Debug|x86
		{22D450A6-836C-4371-93B3-CA3239793A52}.Debug|ARM.ActiveCfg = Debug|ARM
		{22D450A6-836C-4371-93B3-CA3239793A52}.Debug|ARM.Build.0 = Debug|ARM
		{22D450A6-836C-4371-93B3-CA3239793A52}.Debug|ARM.Deploy.0 = Debug|ARM
		{22D450A6-836C-4371-93B3-CA3239793A52}.Debug|iPhone.ActiveCfg = Debug|x86
		{22D450A6-836C-4371-93B3-CA3239793A52}.Debug|iPhoneSimulator.ActiveCfg = Debug|x86
		{22D450A6-836C-4371-93B3-CA3239793A52}.Debug|x64.ActiveCfg = Debug|x64
		{22D450A6-836C-4371-93B3-CA3239793A52}.Debug|x64.Build.0 = Debug|x64
		{22D450A6-836C-4371-93B3-CA3239793A52}.Debug|x64.Deploy.0 = Debug|x64
		{22D450A6-836C-4371-93B3-CA3239793A52}.Debug|x86.ActiveCfg = Debug|x86
		{22D450A6-836C-4371-93B3-CA3239793A52}.Debug|x86.Build.0 = Debug|x86
		{22D450A6-836C-4371-93B3-CA3239793A52}.Debug|x86.Deploy.0 = Debug|x86
		{22D450A6-836C-4371-93B3-CA3239793A52}.Release|Any CPU.ActiveCfg = Release|x86
		{22D450A6-836C-4371-93B3-CA3239793A52}.Release|ARM.ActiveCfg = Release|ARM
		{22D450A6-836C-4371-93B3-CA3239793A52}.Release|ARM.Build.0 = Release|ARM
		{22D450A6-836C-4371-93B3-CA3239793A52}.Release|ARM.Deploy.0 = Release|ARM
		{22D450A6-836C-4371-93B3-CA3239793A52}.Release|iPhone.ActiveCfg = Release|x86
		{22D450A6-836C-4371-93B3-CA3239793A52}.Release|iPhoneSimulator.ActiveCfg = Release|x86
		{22D450A6-836C-4371-93B3-CA3239793A52}.Release|x64.ActiveCfg = Release|x64
		{22D450A6-836C-4371-93B3-CA3239793A52}.Release|x64.Build.0 = Release|x64
		{22D450A6-836C-4371-93B3-CA3239793A52}.Release|x64.Deploy.0 = Release|x64
		{22D450A6-836C-4371-93B3-CA3239793A52}.Release|x86.ActiveCfg = Release|x86
		{22D450A6-836C-4371-93B3-CA3239793A52}.Release|x86.Build.0 = Release|x86
		{22D450A6-836C-4371-93B3-CA3239793A52}.Release|x86.Deploy.0 = Release|x86
		{E15FB61C-5314-4C0D-B39C-32829A36DD0B}.Ad-Hoc|Any CPU.ActiveCfg = Ad-Hoc|iPhone
		{E15FB61C-5314-4C0D-B39C-32829A36DD0B}.Ad-Hoc|ARM.ActiveCfg = Ad-Hoc|iPhone
		{E15FB61C-5314-4C0D-B39C-32829A36DD0B}.Ad-Hoc|iPhone.ActiveCfg = Ad-Hoc|iPhone
		{E15FB61C-5314-4C0D-B39C-32829A36DD0B}.Ad-Hoc|iPhone.Build.0 = Ad-Hoc|iPhone
		{E15FB61C-5314-4C0D-B39C-32829A36DD0B}.Ad-Hoc|iPhoneSimulator.ActiveCfg = Ad-Hoc|iPhoneSimulator
		{E15FB61C-5314-4C0D-B39C-32829A36DD0B}.Ad-Hoc|iPhoneSimulator.Build.0 = Ad-Hoc|iPhoneSimulator
		{E15FB61C-5314-4C0D-B39C-32829A36DD0B}.Ad-Hoc|x64.ActiveCfg = Ad-Hoc|iPhone
		{E15FB61C-5314-4C0D-B39C-32829A36DD0B}.Ad-Hoc|x86.ActiveCfg = Ad-Hoc|iPhone
		{E15FB61C-5314-4C0D-B39C-32829A36DD0B}.AppStore|Any CPU.ActiveCfg = AppStore|iPhone
		{E15FB61C-5314-4C0D-B39C-32829A36DD0B}.AppStore|ARM.ActiveCfg = AppStore|iPhone
		{E15FB61C-5314-4C0D-B39C-32829A36DD0B}.AppStore|iPhone.ActiveCfg = AppStore|iPhone
		{E15FB61C-5314-4C0D-B39C-32829A36DD0B}.AppStore|iPhone.Build.0 = AppStore|iPhone
		{E15FB61C-5314-4C0D-B39C-32829A36DD0B}.AppStore|iPhoneSimulator.ActiveCfg = AppStore|iPhoneSimulator
		{E15FB61C-5314-4C0D-B39C-32829A36DD0B}.AppStore|iPhoneSimulator.Build.0 = AppStore|iPhoneSimulator
		{E15FB61C-5314-4C0D-B39C-32829A36DD0B}.AppStore|x64.ActiveCfg = AppStore|iPhone
		{E15FB61C-5314-4C0D-B39C-32829A36DD0B}.AppStore|x86.ActiveCfg = AppStore|iPhone
		{E15FB61C-5314-4C0D-B39C-32829A36DD0B}.Debug|Any CPU.ActiveCfg = Debug|iPhone
		{E15FB61C-5314-4C0D-B39C-32829A36DD0B}.Debug|ARM.ActiveCfg = Debug|iPhone
		{E15FB61C-5314-4C0D-B39C-32829A36DD0B}.Debug|iPhone.ActiveCfg = Debug|iPhone
		{E15FB61C-5314-4C0D-B39C-32829A36DD0B}.Debug|iPhone.Build.0 = Debug|iPhone
		{E15FB61C-5314-4C0D-B39C-32829A36DD0B}.Debug|iPhoneSimulator.ActiveCfg = Debug|iPhoneSimulator
		{E15FB61C-5314-4C0D-B39C-32829A36DD0B}.Debug|iPhoneSimulator.Build.0 = Debug|iPhoneSimulator
		{E15FB61C-5314-4C0D-B39C-32829A36DD0B}.Debug|x64.ActiveCfg = Debug|iPhone
		{E15FB61C-5314-4C0D-B39C-32829A36DD0B}.Debug|x86.ActiveCfg = Debug|iPhone
		{E15FB61C-5314-4C0D-B39C-32829A36DD0B}.Release|Any CPU.ActiveCfg = Release|iPhone
		{E15FB61C-5314-4C0D-B39C-32829A36DD0B}.Release|ARM.ActiveCfg = Release|iPhone
		{E15FB61C-5314-4C0D-B39C-32829A36DD0B}.Release|iPhone.ActiveCfg = Release|iPhone
		{E15FB61C-5314-4C0D-B39C-32829A36DD0B}.Release|iPhone.Build.0 = Release|iPhone
		{E15FB61C-5314-4C0D-B39C-32829A36DD0B}.Release|iPhoneSimulator.ActiveCfg = Release|iPhoneSimulator
		{E15FB61C-5314-4C0D-B39C-32829A36DD0B}.Release|iPhoneSimulator.Build.0 = Release|iPhoneSimulator
		{E15FB61C-5314-4C0D-B39C-32829A36DD0B}.Release|x64.ActiveCfg = Release|iPhone
		{E15FB61C-5314-4C0D-B39C-32829A36DD0B}.Release|x86.ActiveCfg = Release|iPhone
	EndGlobalSection
	GlobalSection(SolutionProperties) = preSolution
		HideSolutionNode = FALSE
	EndGlobalSection
EndGlobal
